
Microsoft Visual Studio Solution File, Format Version 12.00
# Visual Studio Version 17
VisualStudioVersion = 17.9.34607.119
MinimumVisualStudioVersion = 10.0.40219.1
Project("{9A19103F-16F7-4668-BE54-9A1E7A4F7556}") = "ConsoleApp2", "ConsoleApp2\ConsoleApp2.csproj", "{A8060C0E-DA78-46D2-81A3-400D5242381B}"
EndProject
Project("{9A19103F-16F7-4668-BE54-9A1E7A4F7556}") = "TestProject1", "TestProject1\TestProject1.csproj", "{BB6F5821-4D7C-4E08-B93E-600430373C46}"
EndProject
Project("{2150E333-8FDC-42A3-9474-1A3956D46DE8}") = "Solution Items", "Solution Items", "{133D1AD6-095A-417B-915D-84BE59F42DB8}"
	ProjectSection(SolutionItems) = preProject
		README.md = README.md
	EndProjectSection
EndProject
Global
	GlobalSection(SolutionConfigurationPlatforms) = preSolution
		Debug|Any CPU = Debug|Any CPU
		Release|Any CPU = Release|Any CPU
	EndGlobalSection
	GlobalSection(ProjectConfigurationPlatforms) = postSolution
		{A8060C0E-DA78-46D2-81A3-400D5242381B}.Debug|Any CPU.ActiveCfg = Debug|Any CPU
		{A8060C0E-DA78-46D2-81A3-400D5242381B}.Debug|Any CPU.Build.0 = Debug|Any CPU
		{A8060C0E-DA78-46D2-81A3-400D5242381B}.Release|Any CPU.ActiveCfg = Release|Any CPU
		{A8060C0E-DA78-46D2-81A3-400D5242381B}.Release|Any CPU.Build.0 = Release|Any CPU
		{BB6F5821-4D7C-4E08-B93E-600430373C46}.Debug|Any CPU.ActiveCfg = Debug|Any CPU
		{BB6F5821-4D7C-4E08-B93E-600430373C46}.Debug|Any CPU.Build.0 = Debug|Any CPU
		{BB6F5821-4D7C-4E08-B93E-600430373C46}.Release|Any CPU.ActiveCfg = Release|Any CPU
		{BB6F5821-4D7C-4E08-B93E-600430373C46}.Release|Any CPU.Build.0 = Release|Any CPU
	EndGlobalSection
	GlobalSection(SolutionProperties) = preSolution
		HideSolutionNode = FALSE
	EndGlobalSection
	GlobalSection(ExtensibilityGlobals) = postSolution
		SolutionGuid = {4658EEC5-5BCB-4B03-A231-3AA76F129575}
	EndGlobalSection
EndGlobal
